
Microsoft Visual Studio Solution File, Format Version 12.00
# Visual Studio 2013
VisualStudioVersion = 12.0.21005.1
MinimumVisualStudioVersion = 10.0.40219.1
Project("{FAE04EC0-301F-11D3-BF4B-00C04F79EFBC}") = "EF6", "EF6\EF6.csproj", "{13622D00-338B-4483-98F3-9FB4C2D783D7}"
EndProject
Project("{FAE04EC0-301F-11D3-BF4B-00C04F79EFBC}") = "DAL", "DAL\DAL.csproj", "{9DF9CA8C-C48B-4F09-A825-DCBED31631BE}"
EndProject
Project("{FAE04EC0-301F-11D3-BF4B-00C04F79EFBC}") = "Models", "Models\Models.csproj", "{747D929F-5F30-4313-A79A-04CBB55CFA47}"
EndProject
Project("{FAE04EC0-301F-11D3-BF4B-00C04F79EFBC}") = "UnitTest", "UnitTest\UnitTest.csproj", "{59EBB219-C961-44C1-B374-B03D80484F3B}"
EndProject
Global
	GlobalSection(SolutionConfigurationPlatforms) = preSolution
		Debug|Any CPU = Debug|Any CPU
		Release|Any CPU = Release|Any CPU
	EndGlobalSection
	GlobalSection(ProjectConfigurationPlatforms) = postSolution
		{13622D00-338B-4483-98F3-9FB4C2D783D7}.Debug|Any CPU.ActiveCfg = Debug|Any CPU
		{13622D00-338B-4483-98F3-9FB4C2D783D7}.Debug|Any CPU.Build.0 = Debug|Any CPU
		{13622D00-338B-4483-98F3-9FB4C2D783D7}.Release|Any CPU.ActiveCfg = Release|Any CPU
		{13622D00-338B-4483-98F3-9FB4C2D783D7}.Release|Any CPU.Build.0 = Release|Any CPU
		{9DF9CA8C-C48B-4F09-A825-DCBED31631BE}.Debug|Any CPU.ActiveCfg = Debug|Any CPU
		{9DF9CA8C-C48B-4F09-A825-DCBED31631BE}.Debug|Any CPU.Build.0 = Debug|Any CPU
		{9DF9CA8C-C48B-4F09-A825-DCBED31631BE}.Release|Any CPU.ActiveCfg = Release|Any CPU
		{9DF9CA8C-C48B-4F09-A825-DCBED31631BE}.Release|Any CPU.Build.0 = Release|Any CPU
		{747D929F-5F30-4313-A79A-04CBB55CFA47}.Debug|Any CPU.ActiveCfg = Debug|Any CPU
		{747D929F-5F30-4313-A79A-04CBB55CFA47}.Debug|Any CPU.Build.0 = Debug|Any CPU
		{747D929F-5F30-4313-A79A-04CBB55CFA47}.Release|Any CPU.ActiveCfg = Release|Any CPU
		{747D929F-5F30-4313-A79A-04CBB55CFA47}.Release|Any CPU.Build.0 = Release|Any CPU
		{59EBB219-C961-44C1-B374-B03D80484F3B}.Debug|Any CPU.ActiveCfg = Debug|Any CPU
		{59EBB219-C961-44C1-B374-B03D80484F3B}.Debug|Any CPU.Build.0 = Debug|Any CPU
		{59EBB219-C961-44C1-B374-B03D80484F3B}.Release|Any CPU.ActiveCfg = Release|Any CPU
		{59EBB219-C961-44C1-B374-B03D80484F3B}.Release|Any CPU.Build.0 = Release|Any CPU
	EndGlobalSection
	GlobalSection(SolutionProperties) = preSolution
		HideSolutionNode = FALSE
	EndGlobalSection
EndGlobal
